Microsoft Visual Studio Solution File, Format Version 12.00
# Visual Studio 2012
Project("{FAE04EC0-301F-11D3-BF4B-00C04F79EFBC}") = "Raid-Into-The-Deep", "Raid-Into-The-Deep.csproj", "{F9B44D6D-DD10-4404-9F70-B50D0E8E1106}"
EndProject
Global
	GlobalSection(SolutionConfigurationPlatforms) = preSolution
	Debug|Any CPU = Debug|Any CPU
	ExportDebug|Any CPU = ExportDebug|Any CPU
	ExportRelease|Any CPU = ExportRelease|Any CPU
	EndGlobalSection
	GlobalSection(ProjectConfigurationPlatforms) = postSolution
		{F9B44D6D-DD10-4404-9F70-B50D0E8E1106}.Debug|Any CPU.ActiveCfg = Debug|Any CPU
		{F9B44D6D-DD10-4404-9F70-B50D0E8E1106}.Debug|Any CPU.Build.0 = Debug|Any CPU
		{F9B44D6D-DD10-4404-9F70-B50D0E8E1106}.ExportDebug|Any CPU.ActiveCfg = ExportDebug|Any CPU
		{F9B44D6D-DD10-4404-9F70-B50D0E8E1106}.ExportDebug|Any CPU.Build.0 = ExportDebug|Any CPU
		{F9B44D6D-DD10-4404-9F70-B50D0E8E1106}.ExportRelease|Any CPU.ActiveCfg = ExportRelease|Any CPU
		{F9B44D6D-DD10-4404-9F70-B50D0E8E1106}.ExportRelease|Any CPU.Build.0 = ExportRelease|Any CPU
	EndGlobalSection
EndGlobal
